// !$*UTF8*$!
{
	archiveVersion = 1;
	classes = {
	};
	objectVersion = 46;
	objects = {

/* Begin PBXBuildFile section */
		978BAE0E1697EFFA00F7C26F /* md5.cpp in Sources */ = {isa = PBXBuildFile; fileRef = 978BAE0C1697EFFA00F7C26F /* md5.cpp */; };
		97ABFC751697FC4100E7604D /* libboost_program_options-mt.a in Frameworks */ = {isa = PBXBuildFile; fileRef = 97ABFC5A1697FB5400E7604D /* libboost_program_options-mt.a */; };
		97F31C6A1697EED000714755 /* main.cpp in Sources */ = {isa = PBXBuildFile; fileRef = 97F31C691697EED000714755 /* main.cpp */; };
		97F31C6C1697EED000714755 /* cardinality.1 in CopyFiles */ = {isa = PBXBuildFile; fileRef = 97F31C6B1697EED000714755 /* cardinality.1 */; };
/* End PBXBuildFile section */

/* Begin PBXCopyFilesBuildPhase section */
		97F31C631697EED000714755 /* CopyFiles */ = {
			isa = PBXCopyFilesBuildPhase;
			buildActionMask = 2147483647;
			dstPath = /usr/share/man/man1/;
			dstSubfolderSpec = 0;
			files = (
				97F31C6C1697EED000714755 /* cardinality.1 in CopyFiles */,
			);
			runOnlyForDeploymentPostprocessing = 1;
		};
/* End PBXCopyFilesBuildPhase section */

/* Begin PBXFileReference section */
		978BAE0C1697EFFA00F7C26F /* md5.cpp */ = {isa = PBXFileReference; fileEncoding = 4; lastKnownFileType = sourcecode.cpp.cpp; path = md5.cpp; sourceTree = "<group>"; };
		978BAE0D1697EFFA00F7C26F /* md5.hpp */ = {isa = PBXFileReference; fileEncoding = 4; lastKnownFileType = sourcecode.cpp.h; path = md5.hpp; sourceTree = "<group>"; };
		97ABFC391697FB1300E7604D /* libboost_program_options-mt.a */ = {isa = PBXFileReference; lastKnownFileType = archive.ar; name = "libboost_program_options-mt.a"; path = "../../../../usr/local/Cellar/boost/1.51.0/lib/libboost_program_options-mt.a"; sourceTree = "<group>"; };
		97ABFC3D1697FB5400E7604D /* libboost_chrono-mt.a */ = {isa = PBXFileReference; lastKnownFileType = archive.ar; path = "libboost_chrono-mt.a"; sourceTree = "<group>"; };
		97ABFC3E1697FB5400E7604D /* libboost_chrono-mt.dylib */ = {isa = PBXFileReference; lastKnownFileType = "compiled.mach-o.dylib"; path = "libboost_chrono-mt.dylib"; sourceTree = "<group>"; };
		97ABFC3F1697FB5400E7604D /* libboost_context-mt.a */ = {isa = PBXFileReference; lastKnownFileType = archive.ar; path = "libboost_context-mt.a"; sourceTree = "<group>"; };
		97ABFC401697FB5400E7604D /* libboost_context-mt.dylib */ = {isa = PBXFileReference; lastKnownFileType = "compiled.mach-o.dylib"; path = "libboost_context-mt.dylib"; sourceTree = "<group>"; };
		97ABFC411697FB5400E7604D /* libboost_date_time-mt.a */ = {isa = PBXFileReference; lastKnownFileType = archive.ar; path = "libboost_date_time-mt.a"; sourceTree = "<group>"; };
		97ABFC421697FB5400E7604D /* libboost_date_time-mt.dylib */ = {isa = PBXFileReference; lastKnownFileType = "compiled.mach-o.dylib"; path = "libboost_date_time-mt.dylib"; sourceTree = "<group>"; };
		97ABFC431697FB5400E7604D /* libboost_exception-mt.a */ = {isa = PBXFileReference; lastKnownFileType = archive.ar; path = "libboost_exception-mt.a"; sourceTree = "<group>"; };
		97ABFC441697FB5400E7604D /* libboost_filesystem-mt.a */ = {isa = PBXFileReference; lastKnownFileType = archive.ar; path = "libboost_filesystem-mt.a"; sourceTree = "<group>"; };
		97ABFC451697FB5400E7604D /* libboost_filesystem-mt.dylib */ = {isa = PBXFileReference; lastKnownFileType = "compiled.mach-o.dylib"; path = "libboost_filesystem-mt.dylib"; sourceTree = "<group>"; };
		97ABFC461697FB5400E7604D /* libboost_graph-mt.a */ = {isa = PBXFileReference; lastKnownFileType = archive.ar; path = "libboost_graph-mt.a"; sourceTree = "<group>"; };
		97ABFC471697FB5400E7604D /* libboost_graph-mt.dylib */ = {isa = PBXFileReference; lastKnownFileType = "compiled.mach-o.dylib"; path = "libboost_graph-mt.dylib"; sourceTree = "<group>"; };
		97ABFC481697FB5400E7604D /* libboost_iostreams-mt.a */ = {isa = PBXFileReference; lastKnownFileType = archive.ar; path = "libboost_iostreams-mt.a"; sourceTree = "<group>"; };
		97ABFC491697FB5400E7604D /* libboost_iostreams-mt.dylib */ = {isa = PBXFileReference; lastKnownFileType = "compiled.mach-o.dylib"; path = "libboost_iostreams-mt.dylib"; sourceTree = "<group>"; };
		97ABFC4A1697FB5400E7604D /* libboost_locale-mt.a */ = {isa = PBXFileReference; lastKnownFileType = archive.ar; path = "libboost_locale-mt.a"; sourceTree = "<group>"; };
		97ABFC4B1697FB5400E7604D /* libboost_locale-mt.dylib */ = {isa = PBXFileReference; lastKnownFileType = "compiled.mach-o.dylib"; path = "libboost_locale-mt.dylib"; sourceTree = "<group>"; };
		97ABFC4C1697FB5400E7604D /* libboost_math_c99-mt.a */ = {isa = PBXFileReference; lastKnownFileType = archive.ar; path = "libboost_math_c99-mt.a"; sourceTree = "<group>"; };
		97ABFC4D1697FB5400E7604D /* libboost_math_c99-mt.dylib */ = {isa = PBXFileReference; lastKnownFileType = "compiled.mach-o.dylib"; path = "libboost_math_c99-mt.dylib"; sourceTree = "<group>"; };
		97ABFC4E1697FB5400E7604D /* libboost_math_c99f-mt.a */ = {isa = PBXFileReference; lastKnownFileType = archive.ar; path = "libboost_math_c99f-mt.a"; sourceTree = "<group>"; };
		97ABFC4F1697FB5400E7604D /* libboost_math_c99f-mt.dylib */ = {isa = PBXFileReference; lastKnownFileType = "compiled.mach-o.dylib"; path = "libboost_math_c99f-mt.dylib"; sourceTree = "<group>"; };
		97ABFC501697FB5400E7604D /* libboost_math_c99l-mt.a */ = {isa = PBXFileReference; lastKnownFileType = archive.ar; path = "libboost_math_c99l-mt.a"; sourceTree = "<group>"; };
		97ABFC511697FB5400E7604D /* libboost_math_c99l-mt.dylib */ = {isa = PBXFileReference; lastKnownFileType = "compiled.mach-o.dylib"; path = "libboost_math_c99l-mt.dylib"; sourceTree = "<group>"; };
		97ABFC521697FB5400E7604D /* libboost_math_tr1-mt.a */ = {isa = PBXFileReference; lastKnownFileType = archive.ar; path = "libboost_math_tr1-mt.a"; sourceTree = "<group>"; };
		97ABFC531697FB5400E7604D /* libboost_math_tr1-mt.dylib */ = {isa = PBXFileReference; lastKnownFileType = "compiled.mach-o.dylib"; path = "libboost_math_tr1-mt.dylib"; sourceTree = "<group>"; };
		97ABFC541697FB5400E7604D /* libboost_math_tr1f-mt.a */ = {isa = PBXFileReference; lastKnownFileType = archive.ar; path = "libboost_math_tr1f-mt.a"; sourceTree = "<group>"; };
		97ABFC551697FB5400E7604D /* libboost_math_tr1f-mt.dylib */ = {isa = PBXFileReference; lastKnownFileType = "compiled.mach-o.dylib"; path = "libboost_math_tr1f-mt.dylib"; sourceTree = "<group>"; };
		97ABFC561697FB5400E7604D /* libboost_math_tr1l-mt.a */ = {isa = PBXFileReference; lastKnownFileType = archive.ar; path = "libboost_math_tr1l-mt.a"; sourceTree = "<group>"; };
		97ABFC571697FB5400E7604D /* libboost_math_tr1l-mt.dylib */ = {isa = PBXFileReference; lastKnownFileType = "compiled.mach-o.dylib"; path = "libboost_math_tr1l-mt.dylib"; sourceTree = "<group>"; };
		97ABFC581697FB5400E7604D /* libboost_prg_exec_monitor-mt.a */ = {isa = PBXFileReference; lastKnownFileType = archive.ar; path = "libboost_prg_exec_monitor-mt.a"; sourceTree = "<group>"; };
		97ABFC591697FB5400E7604D /* libboost_prg_exec_monitor-mt.dylib */ = {isa = PBXFileReference; lastKnownFileType = "compiled.mach-o.dylib"; path = "libboost_prg_exec_monitor-mt.dylib"; sourceTree = "<group>"; };
		97ABFC5A1697FB5400E7604D /* libboost_program_options-mt.a */ = {isa = PBXFileReference; lastKnownFileType = archive.ar; path = "libboost_program_options-mt.a"; sourceTree = "<group>"; };
		97ABFC5B1697FB5400E7604D /* libboost_program_options-mt.dylib */ = {isa = PBXFileReference; lastKnownFileType = "compiled.mach-o.dylib"; path = "libboost_program_options-mt.dylib"; sourceTree = "<group>"; };
		97ABFC5C1697FB5400E7604D /* libboost_python-mt.a */ = {isa = PBXFileReference; lastKnownFileType = archive.ar; path = "libboost_python-mt.a"; sourceTree = "<group>"; };
		97ABFC5D1697FB5400E7604D /* libboost_python-mt.dylib */ = {isa = PBXFileReference; lastKnownFileType = "compiled.mach-o.dylib"; path = "libboost_python-mt.dylib"; sourceTree = "<group>"; };
		97ABFC5E1697FB5400E7604D /* libboost_random-mt.a */ = {isa = PBXFileReference; lastKnownFileType = archive.ar; path = "libboost_random-mt.a"; sourceTree = "<group>"; };
		97ABFC5F1697FB5400E7604D /* libboost_random-mt.dylib */ = {isa = PBXFileReference; lastKnownFileType = "compiled.mach-o.dylib"; path = "libboost_random-mt.dylib"; sourceTree = "<group>"; };
		97ABFC601697FB5400E7604D /* libboost_regex-mt.a */ = {isa = PBXFileReference; lastKnownFileType = archive.ar; path = "libboost_regex-mt.a"; sourceTree = "<group>"; };
		97ABFC611697FB5400E7604D /* libboost_regex-mt.dylib */ = {isa = PBXFileReference; lastKnownFileType = "compiled.mach-o.dylib"; path = "libboost_regex-mt.dylib"; sourceTree = "<group>"; };
		97ABFC621697FB5400E7604D /* libboost_serialization-mt.a */ = {isa = PBXFileReference; lastKnownFileType = archive.ar; path = "libboost_serialization-mt.a"; sourceTree = "<group>"; };
		97ABFC631697FB5400E7604D /* libboost_serialization-mt.dylib */ = {isa = PBXFileReference; lastKnownFileType = "compiled.mach-o.dylib"; path = "libboost_serialization-mt.dylib"; sourceTree = "<group>"; };
		97ABFC641697FB5400E7604D /* libboost_signals-mt.a */ = {isa = PBXFileReference; lastKnownFileType = archive.ar; path = "libboost_signals-mt.a"; sourceTree = "<group>"; };
		97ABFC651697FB5400E7604D /* libboost_signals-mt.dylib */ = {isa = PBXFileReference; lastKnownFileType = "compiled.mach-o.dylib"; path = "libboost_signals-mt.dylib"; sourceTree = "<group>"; };
		97ABFC661697FB5400E7604D /* libboost_system-mt.a */ = {isa = PBXFileReference; lastKnownFileType = archive.ar; path = "libboost_system-mt.a"; sourceTree = "<group>"; };
		97ABFC671697FB5400E7604D /* libboost_system-mt.dylib */ = {isa = PBXFileReference; lastKnownFileType = "compiled.mach-o.dylib"; path = "libboost_system-mt.dylib"; sourceTree = "<group>"; };
		97ABFC681697FB5400E7604D /* libboost_test_exec_monitor-mt.a */ = {isa = PBXFileReference; lastKnownFileType = archive.ar; path = "libboost_test_exec_monitor-mt.a"; sourceTree = "<group>"; };
		97ABFC691697FB5400E7604D /* libboost_thread-mt.a */ = {isa = PBXFileReference; lastKnownFileType = archive.ar; path = "libboost_thread-mt.a"; sourceTree = "<group>"; };
		97ABFC6A1697FB5400E7604D /* libboost_thread-mt.dylib */ = {isa = PBXFileReference; lastKnownFileType = "compiled.mach-o.dylib"; path = "libboost_thread-mt.dylib"; sourceTree = "<group>"; };
		97ABFC6B1697FB5400E7604D /* libboost_timer-mt.a */ = {isa = PBXFileReference; lastKnownFileType = archive.ar; path = "libboost_timer-mt.a"; sourceTree = "<group>"; };
		97ABFC6C1697FB5400E7604D /* libboost_timer-mt.dylib */ = {isa = PBXFileReference; lastKnownFileType = "compiled.mach-o.dylib"; path = "libboost_timer-mt.dylib"; sourceTree = "<group>"; };
		97ABFC6D1697FB5400E7604D /* libboost_unit_test_framework-mt.a */ = {isa = PBXFileReference; lastKnownFileType = archive.ar; path = "libboost_unit_test_framework-mt.a"; sourceTree = "<group>"; };
		97ABFC6E1697FB5400E7604D /* libboost_unit_test_framework-mt.dylib */ = {isa = PBXFileReference; lastKnownFileType = "compiled.mach-o.dylib"; path = "libboost_unit_test_framework-mt.dylib"; sourceTree = "<group>"; };
		97ABFC6F1697FB5400E7604D /* libboost_wave-mt.a */ = {isa = PBXFileReference; lastKnownFileType = archive.ar; path = "libboost_wave-mt.a"; sourceTree = "<group>"; };
		97ABFC701697FB5400E7604D /* libboost_wave-mt.dylib */ = {isa = PBXFileReference; lastKnownFileType = "compiled.mach-o.dylib"; path = "libboost_wave-mt.dylib"; sourceTree = "<group>"; };
		97ABFC711697FB5400E7604D /* libboost_wserialization-mt.a */ = {isa = PBXFileReference; lastKnownFileType = archive.ar; path = "libboost_wserialization-mt.a"; sourceTree = "<group>"; };
		97ABFC721697FB5400E7604D /* libboost_wserialization-mt.dylib */ = {isa = PBXFileReference; lastKnownFileType = "compiled.mach-o.dylib"; path = "libboost_wserialization-mt.dylib"; sourceTree = "<group>"; };
		97F31C651697EED000714755 /* cardinality */ = {isa = PBXFileReference; explicitFileType = "compiled.mach-o.executable"; includeInIndex = 0; path = cardinality; sourceTree = BUILT_PRODUCTS_DIR; };
		97F31C691697EED000714755 /* main.cpp */ = {isa = PBXFileReference; lastKnownFileType = sourcecode.cpp.cpp; path = main.cpp; sourceTree = "<group>"; };
		97F31C6B1697EED000714755 /* cardinality.1 */ = {isa = PBXFileReference; lastKnownFileType = text.man; path = cardinality.1; sourceTree = "<group>"; };
/* End PBXFileReference section */

/* Begin PBXFrameworksBuildPhase section */
		97F31C621697EED000714755 /* Frameworks */ = {
			isa = PBXFrameworksBuildPhase;
			buildActionMask = 2147483647;
			files = (
				97ABFC751697FC4100E7604D /* libboost_program_options-mt.a in Frameworks */,
			);
			runOnlyForDeploymentPostprocessing = 0;
		};
/* End PBXFrameworksBuildPhase section */

/* Begin PBXGroup section */
		97ABFC3C1697FB5400E7604D /* lib */ = {
			isa = PBXGroup;
			children = (
				97ABFC3D1697FB5400E7604D /* libboost_chrono-mt.a */,
				97ABFC3E1697FB5400E7604D /* libboost_chrono-mt.dylib */,
				97ABFC3F1697FB5400E7604D /* libboost_context-mt.a */,
				97ABFC401697FB5400E7604D /* libboost_context-mt.dylib */,
				97ABFC411697FB5400E7604D /* libboost_date_time-mt.a */,
				97ABFC421697FB5400E7604D /* libboost_date_time-mt.dylib */,
				97ABFC431697FB5400E7604D /* libboost_exception-mt.a */,
				97ABFC441697FB5400E7604D /* libboost_filesystem-mt.a */,
				97ABFC451697FB5400E7604D /* libboost_filesystem-mt.dylib */,
				97ABFC461697FB5400E7604D /* libboost_graph-mt.a */,
				97ABFC471697FB5400E7604D /* libboost_graph-mt.dylib */,
				97ABFC481697FB5400E7604D /* libboost_iostreams-mt.a */,
				97ABFC491697FB5400E7604D /* libboost_iostreams-mt.dylib */,
				97ABFC4A1697FB5400E7604D /* libboost_locale-mt.a */,
				97ABFC4B1697FB5400E7604D /* libboost_locale-mt.dylib */,
				97ABFC4C1697FB5400E7604D /* libboost_math_c99-mt.a */,
				97ABFC4D1697FB5400E7604D /* libboost_math_c99-mt.dylib */,
				97ABFC4E1697FB5400E7604D /* libboost_math_c99f-mt.a */,
				97ABFC4F1697FB5400E7604D /* libboost_math_c99f-mt.dylib */,
				97ABFC501697FB5400E7604D /* libboost_math_c99l-mt.a */,
				97ABFC511697FB5400E7604D /* libboost_math_c99l-mt.dylib */,
				97ABFC521697FB5400E7604D /* libboost_math_tr1-mt.a */,
				97ABFC531697FB5400E7604D /* libboost_math_tr1-mt.dylib */,
				97ABFC541697FB5400E7604D /* libboost_math_tr1f-mt.a */,
				97ABFC551697FB5400E7604D /* libboost_math_tr1f-mt.dylib */,
				97ABFC561697FB5400E7604D /* libboost_math_tr1l-mt.a */,
				97ABFC571697FB5400E7604D /* libboost_math_tr1l-mt.dylib */,
				97ABFC581697FB5400E7604D /* libboost_prg_exec_monitor-mt.a */,
				97ABFC591697FB5400E7604D /* libboost_prg_exec_monitor-mt.dylib */,
				97ABFC5A1697FB5400E7604D /* libboost_program_options-mt.a */,
				97ABFC5B1697FB5400E7604D /* libboost_program_options-mt.dylib */,
				97ABFC5C1697FB5400E7604D /* libboost_python-mt.a */,
				97ABFC5D1697FB5400E7604D /* libboost_python-mt.dylib */,
				97ABFC5E1697FB5400E7604D /* libboost_random-mt.a */,
				97ABFC5F1697FB5400E7604D /* libboost_random-mt.dylib */,
				97ABFC601697FB5400E7604D /* libboost_regex-mt.a */,
				97ABFC611697FB5400E7604D /* libboost_regex-mt.dylib */,
				97ABFC621697FB5400E7604D /* libboost_serialization-mt.a */,
				97ABFC631697FB5400E7604D /* libboost_serialization-mt.dylib */,
				97ABFC641697FB5400E7604D /* libboost_signals-mt.a */,
				97ABFC651697FB5400E7604D /* libboost_signals-mt.dylib */,
				97ABFC661697FB5400E7604D /* libboost_system-mt.a */,
				97ABFC671697FB5400E7604D /* libboost_system-mt.dylib */,
				97ABFC681697FB5400E7604D /* libboost_test_exec_monitor-mt.a */,
				97ABFC691697FB5400E7604D /* libboost_thread-mt.a */,
				97ABFC6A1697FB5400E7604D /* libboost_thread-mt.dylib */,
				97ABFC6B1697FB5400E7604D /* libboost_timer-mt.a */,
				97ABFC6C1697FB5400E7604D /* libboost_timer-mt.dylib */,
				97ABFC6D1697FB5400E7604D /* libboost_unit_test_framework-mt.a */,
				97ABFC6E1697FB5400E7604D /* libboost_unit_test_framework-mt.dylib */,
				97ABFC6F1697FB5400E7604D /* libboost_wave-mt.a */,
				97ABFC701697FB5400E7604D /* libboost_wave-mt.dylib */,
				97ABFC711697FB5400E7604D /* libboost_wserialization-mt.a */,
				97ABFC721697FB5400E7604D /* libboost_wserialization-mt.dylib */,
			);
			name = lib;
			path = ../../../../usr/local/Cellar/boost/1.51.0/lib;
			sourceTree = "<group>";
		};
		97F31C5A1697EED000714755 = {
			isa = PBXGroup;
			children = (
				97ABFC3C1697FB5400E7604D /* lib */,
				97ABFC391697FB1300E7604D /* libboost_program_options-mt.a */,
				97F31C681697EED000714755 /* cardinality */,
				97F31C661697EED000714755 /* Products */,
			);
			sourceTree = "<group>";
		};
		97F31C661697EED000714755 /* Products */ = {
			isa = PBXGroup;
			children = (
				97F31C651697EED000714755 /* cardinality */,
			);
			name = Products;
			sourceTree = "<group>";
		};
		97F31C681697EED000714755 /* cardinality */ = {
			isa = PBXGroup;
			children = (
				978BAE0C1697EFFA00F7C26F /* md5.cpp */,
				978BAE0D1697EFFA00F7C26F /* md5.hpp */,
				97F31C691697EED000714755 /* main.cpp */,
				97F31C6B1697EED000714755 /* cardinality.1 */,
			);
			path = cardinality;
			sourceTree = "<group>";
		};
/* End PBXGroup section */

/* Begin PBXNativeTarget section */
		97F31C641697EED000714755 /* cardinality */ = {
			isa = PBXNativeTarget;
			buildConfigurationList = 97F31C6F1697EED000714755 /* Build configuration list for PBXNativeTarget "cardinality" */;
			buildPhases = (
				97F31C611697EED000714755 /* Sources */,
				97F31C621697EED000714755 /* Frameworks */,
				97F31C631697EED000714755 /* CopyFiles */,
			);
			buildRules = (
			);
			dependencies = (
			);
			name = cardinality;
			productName = cardinality;
			productReference = 97F31C651697EED000714755 /* cardinality */;
			productType = "com.apple.product-type.tool";
		};
/* End PBXNativeTarget section */

/* Begin PBXProject section */
		97F31C5C1697EED000714755 /* Project object */ = {
			isa = PBXProject;
			attributes = {
				LastUpgradeCheck = 0450;
				ORGANIZATIONNAME = "Denis Bazhenov";
			};
			buildConfigurationList = 97F31C5F1697EED000714755 /* Build configuration list for PBXProject "cardinality" */;
			compatibilityVersion = "Xcode 3.2";
			developmentRegion = English;
			hasScannedForEncodings = 0;
			knownRegions = (
				en,
			);
			mainGroup = 97F31C5A1697EED000714755;
			productRefGroup = 97F31C661697EED000714755 /* Products */;
			projectDirPath = "";
			projectRoot = "";
			targets = (
				97F31C641697EED000714755 /* cardinality */,
			);
		};
/* End PBXProject section */

/* Begin PBXSourcesBuildPhase section */
		97F31C611697EED000714755 /* Sources */ = {
			isa = PBXSourcesBuildPhase;
			buildActionMask = 2147483647;
			files = (
				97F31C6A1697EED000714755 /* main.cpp in Sources */,
				978BAE0E1697EFFA00F7C26F /* md5.cpp in Sources */,
			);
			runOnlyForDeploymentPostprocessing = 0;
		};
/* End PBXSourcesBuildPhase section */

/* Begin XCBuildConfiguration section */
		97F31C6D1697EED000714755 /* Debug */ = {
			isa = XCBuildConfiguration;
			buildSettings = {
				ALWAYS_SEARCH_USER_PATHS = NO;
				ARCHS = "$(ARCHS_STANDARD_64_BIT)";
				CLANG_CXX_LANGUAGE_STANDARD = "gnu++0x";
				CLANG_CXX_LIBRARY = "libc++";
				CLANG_WARN_EMPTY_BODY = YES;
				CLANG_WARN__DUPLICATE_METHOD_MATCH = YES;
				COPY_PHASE_STRIP = NO;
				GCC_C_LANGUAGE_STANDARD = gnu99;
				GCC_DYNAMIC_NO_PIC = NO;
				GCC_ENABLE_OBJC_EXCEPTIONS = YES;
				GCC_OPTIMIZATION_LEVEL = 0;
				GCC_PREPROCESSOR_DEFINITIONS = (
					"DEBUG=1",
					"$(inherited)",
				);
				GCC_SYMBOLS_PRIVATE_EXTERN = NO;
				GCC_VERSION = com.apple.compilers.llvmgcc42;
				GCC_WARN_64_TO_32_BIT_CONVERSION = YES;
				GCC_WARN_ABOUT_RETURN_TYPE = YES;
				GCC_WARN_UNINITIALIZED_AUTOS = YES;
				GCC_WARN_UNUSED_VARIABLE = YES;
				"HEADER_SEARCH_PATHS[arch=*]" = /usr/local/include;
				MACOSX_DEPLOYMENT_TARGET = 10.8;
				ONLY_ACTIVE_ARCH = YES;
				SDKROOT = macosx;
			};
			name = Debug;
		};
		97F31C6E1697EED000714755 /* Release */ = {
			isa = XCBuildConfiguration;
			buildSettings = {
				ALWAYS_SEARCH_USER_PATHS = NO;
				ARCHS = "$(ARCHS_STANDARD_64_BIT)";
				CLANG_CXX_LANGUAGE_STANDARD = "gnu++0x";
				CLANG_CXX_LIBRARY = "libc++";
				CLANG_WARN_EMPTY_BODY = YES;
				CLANG_WARN__DUPLICATE_METHOD_MATCH = YES;
				COPY_PHASE_STRIP = YES;
				DEBUG_INFORMATION_FORMAT = "dwarf-with-dsym";
				GCC_C_LANGUAGE_STANDARD = gnu99;
				GCC_ENABLE_OBJC_EXCEPTIONS = YES;
				GCC_VERSION = com.apple.compilers.llvmgcc42;
				GCC_WARN_64_TO_32_BIT_CONVERSION = YES;
				GCC_WARN_ABOUT_RETURN_TYPE = YES;
				GCC_WARN_UNINITIALIZED_AUTOS = YES;
				GCC_WARN_UNUSED_VARIABLE = YES;
				"HEADER_SEARCH_PATHS[arch=*]" = /usr/local/include;
				"LIBRARY_SEARCH_PATHS[arch=*]" = /usr/local/lib;
				MACOSX_DEPLOYMENT_TARGET = 10.8;
				SDKROOT = macosx;
			};
			name = Release;
		};
		97F31C701697EED000714755 /* Debug */ = {
			isa = XCBuildConfiguration;
			buildSettings = {
				GCC_VERSION = com.apple.compilers.llvmgcc42;
				"LIBRARY_SEARCH_PATHS[arch=*]" = /usr/local/lib;
				PRODUCT_NAME = "$(TARGET_NAME)";
			};
			name = Debug;
		};
		97F31C711697EED000714755 /* Release */ = {
			isa = XCBuildConfiguration;
			buildSettings = {
				GCC_VERSION = com.apple.compilers.llvmgcc42;
				PRODUCT_NAME = "$(TARGET_NAME)";
			};
			name = Release;
		};
/* End XCBuildConfiguration section */

/* Begin XCConfigurationList section */
		97F31C5F1697EED000714755 /* Build configuration list for PBXProject "cardinality" */ = {
			isa = XCConfigurationList;
			buildConfigurations = (
				97F31C6D1697EED000714755 /* Debug */,
				97F31C6E1697EED000714755 /* Release */,
			);
			defaultConfigurationIsVisible = 0;
			defaultConfigurationName = Release;
		};
		97F31C6F1697EED000714755 /* Build configuration list for PBXNativeTarget "cardinality" */ = {
			isa = XCConfigurationList;
			buildConfigurations = (
				97F31C701697EED000714755 /* Debug */,
				97F31C711697EED000714755 /* Release */,
			);
			defaultConfigurationIsVisible = 0;
			defaultConfigurationName = Release;
		};
/* End XCConfigurationList section */
	};
	rootObject = 97F31C5C1697EED000714755 /* Project object */;
}
